# This file was autogenerated by Stack.
# You should not edit this file by hand.
# For more information, please see the documentation at:
#   https://docs.haskellstack.org/en/stable/lock_files

packages:
- completed:
    hackage: selda-postgresql-0.1.8.1@sha256:66c225d6dcd3edd302c45db0191c004f143cab02b5b6e382bc5b4bae7d5a1483,1418
    pantry-tree:
      size: 316
      sha256: cf2ab2a5b9eb0dc90707d48331cdd1ca9c361caba2f8b149cab7a94e51d1e7e5
  original:
    hackage: selda-postgresql-0.1.8.1@sha256:66c225d6dcd3edd302c45db0191c004f143cab02b5b6e382bc5b4bae7d5a1483,1418
- completed:
    hackage: selda-sqlite-0.1.7.1@sha256:d750cb189dfd5049628cd1dd0a5d7abda95bdac4a451e0973fc9fde80e70ed17,1257
    pantry-tree:
      size: 301
      sha256: 2b1228ff4b880d23c1ba86d83cc495665be4d67155f8603df37df9bf67d46744
  original:
    hackage: selda-sqlite-0.1.7.1@sha256:d750cb189dfd5049628cd1dd0a5d7abda95bdac4a451e0973fc9fde80e70ed17,1257
- completed:
    hackage: direct-sqlite-2.3.26@sha256:04e835402f1508abca383182023e4e2b9b86297b8533afbd4e57d1a5652e0c23,3718
    pantry-tree:
      size: 770
      sha256: 11874ab21e10c5b54cd1e02a037b677dc1e2ee9986f38c599612c56654dc01c3
  original:
    hackage: direct-sqlite-2.3.26@sha256:04e835402f1508abca383182023e4e2b9b86297b8533afbd4e57d1a5652e0c23,3718
- completed:
    hackage: logger-0.1.0.2@sha256:38e86448cbd8abea17af2ce39a99886e7e4f4afc2c64a5bd34a93adc95c18949,2785
    pantry-tree:
      size: 1200
      sha256: cc650cdf30ae3a15c6b653ee21df5b1d5910ab04959b0baaac725cc64bd8b60e
  original:
    hackage: logger-0.1.0.2@sha256:38e86448cbd8abea17af2ce39a99886e7e4f4afc2c64a5bd34a93adc95c18949,2785
- completed:
    hackage: servant-auth-0.4.0.0@sha256:01d02dfb7df4747fc96442517146d7d4ab0e575e597a124e238e8763036ea4ff,2125
    pantry-tree:
      size: 332
      sha256: a7ec2c54fddfa417ee2467f1131b1d83ad43cc29ddfd4b98869fc924e4b5e980
  original:
    hackage: servant-auth-0.4.0.0@sha256:01d02dfb7df4747fc96442517146d7d4ab0e575e597a124e238e8763036ea4ff,2125
- completed:
    hackage: servant-auth-server-0.4.6.0@sha256:b411b44f4252e91e5da2455d71a7113c8b5b8ff2d943d19b2ddedcfcf0392351,5111
    pantry-tree:
      size: 1376
      sha256: 8cd29612112546a02085e2cb30dd5a72ea46ed81e644195c589d0b26652279cb
  original:
    hackage: servant-auth-server-0.4.6.0@sha256:b411b44f4252e91e5da2455d71a7113c8b5b8ff2d943d19b2ddedcfcf0392351,5111
- completed:
    hackage: servant-websockets-2.0.0@sha256:6e9e3600bced90fd52ed3d1bf632205cb21479075b20d6637153cc4567000234,2253
    pantry-tree:
      size: 523
      sha256: 085c6620bff7671bef1d969652a349271c3703fbf10dd753cb63ee1cd700bca5
  original:
    hackage: servant-websockets-2.0.0@sha256:6e9e3600bced90fd52ed3d1bf632205cb21479075b20d6637153cc4567000234,2253
- completed:
    hackage: streamly-0.7.2@sha256:2dbcbd2d807b5465a281bde1a71a21f1e1e1b00be93b23083a868a07dc76de95,28286
    pantry-tree:
      size: 12739
      sha256: fe4ea63b78d983f54a4a159727aa1f441b23aa1d919405de370474bdd0e6791f
  original:
    hackage: streamly-0.7.2@sha256:2dbcbd2d807b5465a281bde1a71a21f1e1e1b00be93b23083a868a07dc76de95,28286
- completed:
    hackage: primitive-0.7.0.1@sha256:a381571c36edc7dca28b77fe8159b43c14c640087ec5946adacf949feec64231,3433
    pantry-tree:
      size: 3221
      sha256: fea4312bd404ad504e44a7fd933a3b3442c0a5e1c41bd8abec3c2e7282d88e18
  original:
    hackage: primitive-0.7.0.1@sha256:a381571c36edc7dca28b77fe8159b43c14c640087ec5946adacf949feec64231,3433
- completed:
    hackage: fastpbkdf2-0.1.0.0@sha256:f70d50961718ffb1739371886c15ddad9263ecd134bdd4ce0f5831f956e48896,2187
    pantry-tree:
      size: 497
      sha256: a5be25cc1af417a35b89cdafe7f1c9c47916569fbed9803fa97a4cecfcb97d25
  original:
    hackage: fastpbkdf2-0.1.0.0@sha256:f70d50961718ffb1739371886c15ddad9263ecd134bdd4ce0f5831f956e48896,2187
- completed:
    hackage: oidc-client-0.6.0.0@sha256:2079dc5c9dfb5b3e2fa93098254ca16787c01a0cd3634b1d84afe84c9a6c4825,3368
    pantry-tree:
      size: 1298
      sha256: c8dac64944a1e60d14958067e1992732effe723d60353690720c34b4d126af48
  original:
    hackage: oidc-client-0.6.0.0@sha256:2079dc5c9dfb5b3e2fa93098254ca16787c01a0cd3634b1d84afe84c9a6c4825,3368
- completed:
    hackage: Interpolation-0.3.0@sha256:b0381214e6036ed2b6a0a04b7e4ec89736ca531ef03e315a3ec2c494059ff8fb,1319
    pantry-tree:
      size: 226
      sha256: 1752aba83686801ae9f93c293a5555e4f694c2472a3c880ad9f05b7a05033a3c
  original:
    hackage: Interpolation-0.3.0@sha256:b0381214e6036ed2b6a0a04b7e4ec89736ca531ef03e315a3ec2c494059ff8fb,1319
snapshots:
- completed:
    size: 563103
    url: https://raw.githubusercontent.com/commercialhaskell/stackage-snapshots/master/lts/17/4.yaml
    sha256: f11e2153044f5f71ea7b1c9398f4721f517c9bd37642ed769647b896564021f3
  original: lts-17.4
