# This file was autogenerated by Stack.
# You should not edit this file by hand.
# For more information, please see the documentation at:
#   https://docs.haskellstack.org/en/stable/lock_files

packages:
- completed:
    hackage: selda-postgresql-0.1.8.1@sha256:66c225d6dcd3edd302c45db0191c004f143cab02b5b6e382bc5b4bae7d5a1483,1418
    pantry-tree:
      size: 316
      sha256: cf2ab2a5b9eb0dc90707d48331cdd1ca9c361caba2f8b149cab7a94e51d1e7e5
  original:
    hackage: selda-postgresql-0.1.8.1@sha256:66c225d6dcd3edd302c45db0191c004f143cab02b5b6e382bc5b4bae7d5a1483,1418
- completed:
    hackage: selda-sqlite-0.1.7.1@sha256:d750cb189dfd5049628cd1dd0a5d7abda95bdac4a451e0973fc9fde80e70ed17,1257
    pantry-tree:
      size: 301
      sha256: 2b1228ff4b880d23c1ba86d83cc495665be4d67155f8603df37df9bf67d46744
  original:
    hackage: selda-sqlite-0.1.7.1@sha256:d750cb189dfd5049628cd1dd0a5d7abda95bdac4a451e0973fc9fde80e70ed17,1257
- completed:
    hackage: direct-sqlite-2.3.26@sha256:04e835402f1508abca383182023e4e2b9b86297b8533afbd4e57d1a5652e0c23,3718
    pantry-tree:
      size: 770
      sha256: 11874ab21e10c5b54cd1e02a037b677dc1e2ee9986f38c599612c56654dc01c3
  original:
    hackage: direct-sqlite-2.3.26@sha256:04e835402f1508abca383182023e4e2b9b86297b8533afbd4e57d1a5652e0c23,3718
- completed:
    hackage: logger-0.1.0.2@sha256:38e86448cbd8abea17af2ce39a99886e7e4f4afc2c64a5bd34a93adc95c18949,2785
    pantry-tree:
      size: 1200
      sha256: cc650cdf30ae3a15c6b653ee21df5b1d5910ab04959b0baaac725cc64bd8b60e
  original:
    hackage: logger-0.1.0.2@sha256:38e86448cbd8abea17af2ce39a99886e7e4f4afc2c64a5bd34a93adc95c18949,2785
snapshots:
- completed:
    size: 532381
    url: https://raw.githubusercontent.com/commercialhaskell/stackage-snapshots/master/lts/16/11.yaml
    sha256: 1f43c4ad661a114a4f9dd4580988f30da1208d844c097714f5867c52a02e0aa1
  original:
    url: https://raw.githubusercontent.com/commercialhaskell/stackage-snapshots/master/lts/16/11.yaml
